
Microsoft Visual Studio Solution File, Format Version 12.00
# Visual Studio 15
VisualStudioVersion = 15.0.27130.2036
MinimumVisualStudioVersion = 10.0.40219.1
Project("{888888A0-9F3D-457C-B088-3A5042F75D52}") = "ScanDenoising", "ScanDenoising.pyproj", "{1110C879-2D1B-49E4-9570-8E7EA954016E}"
EndProject
Global
	GlobalSection(SolutionConfigurationPlatforms) = preSolution
		Debug|Any CPU = Debug|Any CPU
		Release|Any CPU = Release|Any CPU
	EndGlobalSection
	GlobalSection(ProjectConfigurationPlatforms) = postSolution
		{1110C879-2D1B-49E4-9570-8E7EA954016E}.Debug|Any CPU.ActiveCfg = Debug|Any CPU
		{1110C879-2D1B-49E4-9570-8E7EA954016E}.Release|Any CPU.ActiveCfg = Release|Any CPU
	EndGlobalSection
	GlobalSection(SolutionProperties) = preSolution
		HideSolutionNode = FALSE
	EndGlobalSection
	GlobalSection(ExtensibilityGlobals) = postSolution
		SolutionGuid = {00D2A725-1254-4D10-A0A6-08E2A72206E7}
	EndGlobalSection
EndGlobal
